
Microsoft Visual Studio Solution File, Format Version 12.00
# Visual Studio Version 16
VisualStudioVersion = 16.0.31313.79
MinimumVisualStudioVersion = 10.0.40219.1
Project("{FAE04EC0-301F-11D3-BF4B-00C04F79EFBC}") = "Cafe Management Mini Project", "Cafe Management Mini Project.csproj", "{5BCBA5F0-48F5-46A9-B57F-5F3D58C3E6FD}"
EndProject
Global
	GlobalSection(SolutionConfigurationPlatforms) = preSolution
		Debug|Any CPU = Debug|Any CPU
		Release|Any CPU = Release|Any CPU
	EndGlobalSection
	GlobalSection(ProjectConfigurationPlatforms) = postSolution
		{5BCBA5F0-48F5-46A9-B57F-5F3D58C3E6FD}.Debug|Any CPU.ActiveCfg = Debug|Any CPU
		{5BCBA5F0-48F5-46A9-B57F-5F3D58C3E6FD}.Debug|Any CPU.Build.0 = Debug|Any CPU
		{5BCBA5F0-48F5-46A9-B57F-5F3D58C3E6FD}.Release|Any CPU.ActiveCfg = Release|Any CPU
		{5BCBA5F0-48F5-46A9-B57F-5F3D58C3E6FD}.Release|Any CPU.Build.0 = Release|Any CPU
	EndGlobalSection
	GlobalSection(SolutionProperties) = preSolution
		HideSolutionNode = FALSE
	EndGlobalSection
	GlobalSection(ExtensibilityGlobals) = postSolution
		SolutionGuid = {1156C3EA-4EFA-4221-8C83-0FF4C82F9F6C}
	EndGlobalSection
EndGlobal
