
Microsoft Visual Studio Solution File, Format Version 12.00
# Visual Studio Version 16
VisualStudioVersion = 16.0.31424.327
MinimumVisualStudioVersion = 10.0.40219.1
Project("{FAE04EC0-301F-11D3-BF4B-00C04F79EFBC}") = "menu", "menu.csproj", "{06E98B07-920B-4924-8027-EED1511F19C0}"
EndProject
Project("{2150E333-8FDC-42A3-9474-1A3956D46DE8}") = "Solution Items", "Solution Items", "{6EE7D48A-2EFC-4311-A3C6-453956C87339}"
	ProjectSection(SolutionItems) = preProject
		.editorconfig = .editorconfig
	EndProjectSection
EndProject
Global
	GlobalSection(SolutionConfigurationPlatforms) = preSolution
		Debug|Any CPU = Debug|Any CPU
		Release|Any CPU = Release|Any CPU
	EndGlobalSection
	GlobalSection(ProjectConfigurationPlatforms) = postSolution
		{06E98B07-920B-4924-8027-EED1511F19C0}.Debug|Any CPU.ActiveCfg = Debug|Any CPU
		{06E98B07-920B-4924-8027-EED1511F19C0}.Debug|Any CPU.Build.0 = Debug|Any CPU
		{06E98B07-920B-4924-8027-EED1511F19C0}.Release|Any CPU.ActiveCfg = Release|Any CPU
		{06E98B07-920B-4924-8027-EED1511F19C0}.Release|Any CPU.Build.0 = Release|Any CPU
	EndGlobalSection
	GlobalSection(SolutionProperties) = preSolution
		HideSolutionNode = FALSE
	EndGlobalSection
	GlobalSection(ExtensibilityGlobals) = postSolution
		SolutionGuid = {E97733FD-BA21-4590-9F31-91663AC66088}
	EndGlobalSection
EndGlobal
